// !$*UTF8*$!
{
	archiveVersion = 1;
	classes = {
	};
	objectVersion = 56;
	objects = {

/* Begin PBXBuildFile section */
		093EDB5329F07D4300FA51C2 /* AuthViewController.swift in Sources */ = {isa = PBXBuildFile; fileRef = 093EDB5229F07D4300FA51C2 /* AuthViewController.swift */; };
		093EDB5529F1141300FA51C2 /* LoginPresenter.swift in Sources */ = {isa = PBXBuildFile; fileRef = 093EDB5429F1141300FA51C2 /* LoginPresenter.swift */; };
		093EDB5729F1142500FA51C2 /* LoginPresenterInputProtocol.swift in Sources */ = {isa = PBXBuildFile; fileRef = 093EDB5629F1142500FA51C2 /* LoginPresenterInputProtocol.swift */; };
		093EDB5929F1143200FA51C2 /* LoginPresenterOutputProtocol.swift in Sources */ = {isa = PBXBuildFile; fileRef = 093EDB5829F1143200FA51C2 /* LoginPresenterOutputProtocol.swift */; };
		093EDB5B29F1144000FA51C2 /* PhotosPresenter.swift in Sources */ = {isa = PBXBuildFile; fileRef = 093EDB5A29F1144000FA51C2 /* PhotosPresenter.swift */; };
		093EDB5D29F1144E00FA51C2 /* PhotosPresenterInputProtocol.swift in Sources */ = {isa = PBXBuildFile; fileRef = 093EDB5C29F1144E00FA51C2 /* PhotosPresenterInputProtocol.swift */; };
		093EDB5F29F1146300FA51C2 /* PhotosPresenterOutputProtocol.swift in Sources */ = {isa = PBXBuildFile; fileRef = 093EDB5E29F1146300FA51C2 /* PhotosPresenterOutputProtocol.swift */; };
		093EDB6129F1147200FA51C2 /* DetailInfoPresenter.swift in Sources */ = {isa = PBXBuildFile; fileRef = 093EDB6029F1147200FA51C2 /* DetailInfoPresenter.swift */; };
		093EDB6329F1148000FA51C2 /* DetailInfoPresenterInputProtocol.swift in Sources */ = {isa = PBXBuildFile; fileRef = 093EDB6229F1148000FA51C2 /* DetailInfoPresenterInputProtocol.swift */; };
		093EDB6529F1148F00FA51C2 /* DetailInfoPresenterOutputProtocol.swift in Sources */ = {isa = PBXBuildFile; fileRef = 093EDB6429F1148F00FA51C2 /* DetailInfoPresenterOutputProtocol.swift */; };
		093EDB6F29F1190700FA51C2 /* DetailInfoModuleAssembly.swift in Sources */ = {isa = PBXBuildFile; fileRef = 093EDB6E29F1190700FA51C2 /* DetailInfoModuleAssembly.swift */; };
		093EDB7229F1196300FA51C2 /* RouterProtocol.swift in Sources */ = {isa = PBXBuildFile; fileRef = 093EDB7129F1196300FA51C2 /* RouterProtocol.swift */; };
		093EDB7429F1198F00FA51C2 /* BaseRouter.swift in Sources */ = {isa = PBXBuildFile; fileRef = 093EDB7329F1198F00FA51C2 /* BaseRouter.swift */; };
		093EDB7729F11A1B00FA51C2 /* PhotosModuleAssembly.swift in Sources */ = {isa = PBXBuildFile; fileRef = 093EDB7629F11A1B00FA51C2 /* PhotosModuleAssembly.swift */; };
		093EDB7A29F11B0300FA51C2 /* LoginModuleAssembly.swift in Sources */ = {isa = PBXBuildFile; fileRef = 093EDB7929F11B0300FA51C2 /* LoginModuleAssembly.swift */; };
		09556E3729F01A3B00D6BBF8 /* SF-Pro-Text-Bold.otf in Resources */ = {isa = PBXBuildFile; fileRef = 09556E3629F01A3B00D6BBF8 /* SF-Pro-Text-Bold.otf */; };
		09556E3929F01B3200D6BBF8 /* PhotosViewController.swift in Sources */ = {isa = PBXBuildFile; fileRef = 09556E3829F01B3200D6BBF8 /* PhotosViewController.swift */; };
		09556E3B29F01CFE00D6BBF8 /* PhotoCollectionView.swift in Sources */ = {isa = PBXBuildFile; fileRef = 09556E3A29F01CFE00D6BBF8 /* PhotoCollectionView.swift */; };
		09556E3D29F01D8B00D6BBF8 /* PhotoCollectionViewCell.swift in Sources */ = {isa = PBXBuildFile; fileRef = 09556E3C29F01D8B00D6BBF8 /* PhotoCollectionViewCell.swift */; };
		09556E3F29F0295100D6BBF8 /* DetailInfoViewController.swift in Sources */ = {isa = PBXBuildFile; fileRef = 09556E3E29F0295100D6BBF8 /* DetailInfoViewController.swift */; };
		09556E4129F02AA800D6BBF8 /* DetailInfoView.swift in Sources */ = {isa = PBXBuildFile; fileRef = 09556E4029F02AA800D6BBF8 /* DetailInfoView.swift */; };
		095F74E429EFFE09009E4033 /* AppDelegate.swift in Sources */ = {isa = PBXBuildFile; fileRef = 095F74E329EFFE09009E4033 /* AppDelegate.swift */; };
		095F74ED29EFFE09009E4033 /* Assets.xcassets in Resources */ = {isa = PBXBuildFile; fileRef = 095F74EC29EFFE09009E4033 /* Assets.xcassets */; };
		095F74F029EFFE09009E4033 /* LaunchScreen.storyboard in Resources */ = {isa = PBXBuildFile; fileRef = 095F74EE29EFFE09009E4033 /* LaunchScreen.storyboard */; };
		095F750329F00DD9009E4033 /* LoginViewController.swift in Sources */ = {isa = PBXBuildFile; fileRef = 095F750229F00DD9009E4033 /* LoginViewController.swift */; };
		095F750A29F018C4009E4033 /* SF-Pro-Text-Regular.otf in Resources */ = {isa = PBXBuildFile; fileRef = 095F750629F016C6009E4033 /* SF-Pro-Text-Regular.otf */; };
/* End PBXBuildFile section */

/* Begin PBXFileReference section */
		093EDB5229F07D4300FA51C2 /* AuthViewController.swift */ = {isa = PBXFileReference; lastKnownFileType = sourcecode.swift; path = AuthViewController.swift; sourceTree = "<group>"; };
		093EDB5429F1141300FA51C2 /* LoginPresenter.swift */ = {isa = PBXFileReference; lastKnownFileType = sourcecode.swift; path = LoginPresenter.swift; sourceTree = "<group>"; };
		093EDB5629F1142500FA51C2 /* LoginPresenterInputProtocol.swift */ = {isa = PBXFileReference; lastKnownFileType = sourcecode.swift; path = LoginPresenterInputProtocol.swift; sourceTree = "<group>"; };
		093EDB5829F1143200FA51C2 /* LoginPresenterOutputProtocol.swift */ = {isa = PBXFileReference; lastKnownFileType = sourcecode.swift; path = LoginPresenterOutputProtocol.swift; sourceTree = "<group>"; };
		093EDB5A29F1144000FA51C2 /* PhotosPresenter.swift */ = {isa = PBXFileReference; lastKnownFileType = sourcecode.swift; path = PhotosPresenter.swift; sourceTree = "<group>"; };
		093EDB5C29F1144E00FA51C2 /* PhotosPresenterInputProtocol.swift */ = {isa = PBXFileReference; lastKnownFileType = sourcecode.swift; path = PhotosPresenterInputProtocol.swift; sourceTree = "<group>"; };
		093EDB5E29F1146300FA51C2 /* PhotosPresenterOutputProtocol.swift */ = {isa = PBXFileReference; lastKnownFileType = sourcecode.swift; path = PhotosPresenterOutputProtocol.swift; sourceTree = "<group>"; };
		093EDB6029F1147200FA51C2 /* DetailInfoPresenter.swift */ = {isa = PBXFileReference; lastKnownFileType = sourcecode.swift; path = DetailInfoPresenter.swift; sourceTree = "<group>"; };
		093EDB6229F1148000FA51C2 /* DetailInfoPresenterInputProtocol.swift */ = {isa = PBXFileReference; lastKnownFileType = sourcecode.swift; path = DetailInfoPresenterInputProtocol.swift; sourceTree = "<group>"; };
		093EDB6429F1148F00FA51C2 /* DetailInfoPresenterOutputProtocol.swift */ = {isa = PBXFileReference; lastKnownFileType = sourcecode.swift; path = DetailInfoPresenterOutputProtocol.swift; sourceTree = "<group>"; };
		093EDB6E29F1190700FA51C2 /* DetailInfoModuleAssembly.swift */ = {isa = PBXFileReference; lastKnownFileType = sourcecode.swift; path = DetailInfoModuleAssembly.swift; sourceTree = "<group>"; };
		093EDB7129F1196300FA51C2 /* RouterProtocol.swift */ = {isa = PBXFileReference; lastKnownFileType = sourcecode.swift; path = RouterProtocol.swift; sourceTree = "<group>"; };
		093EDB7329F1198F00FA51C2 /* BaseRouter.swift */ = {isa = PBXFileReference; lastKnownFileType = sourcecode.swift; path = BaseRouter.swift; sourceTree = "<group>"; };
		093EDB7629F11A1B00FA51C2 /* PhotosModuleAssembly.swift */ = {isa = PBXFileReference; lastKnownFileType = sourcecode.swift; path = PhotosModuleAssembly.swift; sourceTree = "<group>"; };
		093EDB7929F11B0300FA51C2 /* LoginModuleAssembly.swift */ = {isa = PBXFileReference; lastKnownFileType = sourcecode.swift; path = LoginModuleAssembly.swift; sourceTree = "<group>"; };
		09556E3629F01A3B00D6BBF8 /* SF-Pro-Text-Bold.otf */ = {isa = PBXFileReference; lastKnownFileType = file; name = "SF-Pro-Text-Bold.otf"; path = "../../../../../../../Library/Fonts/SF-Pro-Text-Bold.otf"; sourceTree = "<group>"; };
		09556E3829F01B3200D6BBF8 /* PhotosViewController.swift */ = {isa = PBXFileReference; lastKnownFileType = sourcecode.swift; path = PhotosViewController.swift; sourceTree = "<group>"; };
		09556E3A29F01CFE00D6BBF8 /* PhotoCollectionView.swift */ = {isa = PBXFileReference; lastKnownFileType = sourcecode.swift; path = PhotoCollectionView.swift; sourceTree = "<group>"; };
		09556E3C29F01D8B00D6BBF8 /* PhotoCollectionViewCell.swift */ = {isa = PBXFileReference; lastKnownFileType = sourcecode.swift; path = PhotoCollectionViewCell.swift; sourceTree = "<group>"; };
		09556E3E29F0295100D6BBF8 /* DetailInfoViewController.swift */ = {isa = PBXFileReference; lastKnownFileType = sourcecode.swift; path = DetailInfoViewController.swift; sourceTree = "<group>"; };
		09556E4029F02AA800D6BBF8 /* DetailInfoView.swift */ = {isa = PBXFileReference; lastKnownFileType = sourcecode.swift; path = DetailInfoView.swift; sourceTree = "<group>"; };
		095F74E029EFFE09009E4033 /* authTestTask.app */ = {isa = PBXFileReference; explicitFileType = wrapper.application; includeInIndex = 0; path = authTestTask.app; sourceTree = BUILT_PRODUCTS_DIR; };
		095F74E329EFFE09009E4033 /* AppDelegate.swift */ = {isa = PBXFileReference; lastKnownFileType = sourcecode.swift; path = AppDelegate.swift; sourceTree = "<group>"; };
		095F74EC29EFFE09009E4033 /* Assets.xcassets */ = {isa = PBXFileReference; lastKnownFileType = folder.assetcatalog; path = Assets.xcassets; sourceTree = "<group>"; };
		095F74EF29EFFE09009E4033 /* Base */ = {isa = PBXFileReference; lastKnownFileType = file.storyboard; name = Base; path = Base.lproj/LaunchScreen.storyboard; sourceTree = "<group>"; };
		095F74F129EFFE09009E4033 /* Info.plist */ = {isa = PBXFileReference; lastKnownFileType = text.plist.xml; path = Info.plist; sourceTree = "<group>"; };
		095F750229F00DD9009E4033 /* LoginViewController.swift */ = {isa = PBXFileReference; lastKnownFileType = sourcecode.swift; path = LoginViewController.swift; sourceTree = "<group>"; };
		095F750629F016C6009E4033 /* SF-Pro-Text-Regular.otf */ = {isa = PBXFileReference; lastKnownFileType = file; name = "SF-Pro-Text-Regular.otf"; path = "../../../../../../../Library/Fonts/SF-Pro-Text-Regular.otf"; sourceTree = "<group>"; };
/* End PBXFileReference section */

/* Begin PBXFrameworksBuildPhase section */
		095F74DD29EFFE09009E4033 /* Frameworks */ = {
			isa = PBXFrameworksBuildPhase;
			buildActionMask = 2147483647;
			files = (
			);
			runOnlyForDeploymentPostprocessing = 0;
		};
/* End PBXFrameworksBuildPhase section */

/* Begin PBXGroup section */
		093EDB6729F114B300FA51C2 /* View */ = {
			isa = PBXGroup;
			children = (
				09556E3E29F0295100D6BBF8 /* DetailInfoViewController.swift */,
				09556E4329F0796700D6BBF8 /* SubViews */,
			);
			path = View;
			sourceTree = "<group>";
		};
		093EDB6829F114BF00FA51C2 /* Presenter */ = {
			isa = PBXGroup;
			children = (
				093EDB6029F1147200FA51C2 /* DetailInfoPresenter.swift */,
				093EDB6229F1148000FA51C2 /* DetailInfoPresenterInputProtocol.swift */,
				093EDB6429F1148F00FA51C2 /* DetailInfoPresenterOutputProtocol.swift */,
			);
			path = Presenter;
			sourceTree = "<group>";
		};
		093EDB6929F114CB00FA51C2 /* View */ = {
			isa = PBXGroup;
			children = (
				09556E3829F01B3200D6BBF8 /* PhotosViewController.swift */,
				09556E4229F0795B00D6BBF8 /* SubViews */,
			);
			path = View;
			sourceTree = "<group>";
		};
		093EDB6A29F114D400FA51C2 /* Presenter */ = {
			isa = PBXGroup;
			children = (
				093EDB5A29F1144000FA51C2 /* PhotosPresenter.swift */,
				093EDB5C29F1144E00FA51C2 /* PhotosPresenterInputProtocol.swift */,
				093EDB5E29F1146300FA51C2 /* PhotosPresenterOutputProtocol.swift */,
			);
			path = Presenter;
			sourceTree = "<group>";
		};
		093EDB6B29F114E100FA51C2 /* View */ = {
			isa = PBXGroup;
			children = (
				095F750229F00DD9009E4033 /* LoginViewController.swift */,
			);
			path = View;
			sourceTree = "<group>";
		};
		093EDB6C29F114E900FA51C2 /* Presenter */ = {
			isa = PBXGroup;
			children = (
				093EDB5429F1141300FA51C2 /* LoginPresenter.swift */,
				093EDB5629F1142500FA51C2 /* LoginPresenterInputProtocol.swift */,
				093EDB5829F1143200FA51C2 /* LoginPresenterOutputProtocol.swift */,
			);
			path = Presenter;
			sourceTree = "<group>";
		};
		093EDB6D29F118F400FA51C2 /* DetailInfoModuleAssembly */ = {
			isa = PBXGroup;
			children = (
				093EDB6E29F1190700FA51C2 /* DetailInfoModuleAssembly.swift */,
			);
			path = DetailInfoModuleAssembly;
			sourceTree = "<group>";
		};
		093EDB7029F1195300FA51C2 /* Router */ = {
			isa = PBXGroup;
			children = (
				093EDB7129F1196300FA51C2 /* RouterProtocol.swift */,
				093EDB7329F1198F00FA51C2 /* BaseRouter.swift */,
			);
			path = Router;
			sourceTree = "<group>";
		};
		093EDB7529F11A0D00FA51C2 /* PhotosModuleAssembly */ = {
			isa = PBXGroup;
			children = (
				093EDB7629F11A1B00FA51C2 /* PhotosModuleAssembly.swift */,
			);
			path = PhotosModuleAssembly;
			sourceTree = "<group>";
		};
		093EDB7829F11AED00FA51C2 /* LoginModuleAssembly */ = {
			isa = PBXGroup;
			children = (
				093EDB7929F11B0300FA51C2 /* LoginModuleAssembly.swift */,
			);
			path = LoginModuleAssembly;
			sourceTree = "<group>";
		};
		09556E4229F0795B00D6BBF8 /* SubViews */ = {
			isa = PBXGroup;
			children = (
				09556E3A29F01CFE00D6BBF8 /* PhotoCollectionView.swift */,
				09556E3C29F01D8B00D6BBF8 /* PhotoCollectionViewCell.swift */,
			);
			path = SubViews;
			sourceTree = "<group>";
		};
		09556E4329F0796700D6BBF8 /* SubViews */ = {
			isa = PBXGroup;
			children = (
				09556E4029F02AA800D6BBF8 /* DetailInfoView.swift */,
			);
			path = SubViews;
			sourceTree = "<group>";
		};
		09556E4429F07D0700D6BBF8 /* AuthModule */ = {
			isa = PBXGroup;
			children = (
				093EDB5229F07D4300FA51C2 /* AuthViewController.swift */,
			);
			path = AuthModule;
			sourceTree = "<group>";
		};
		095F74D729EFFE08009E4033 = {
			isa = PBXGroup;
			children = (
				095F74E229EFFE09009E4033 /* authTestTask */,
				095F74E129EFFE09009E4033 /* Products */,
			);
			sourceTree = "<group>";
		};
		095F74E129EFFE09009E4033 /* Products */ = {
			isa = PBXGroup;
			children = (
				095F74E029EFFE09009E4033 /* authTestTask.app */,
			);
			name = Products;
			sourceTree = "<group>";
		};
		095F74E229EFFE09009E4033 /* authTestTask */ = {
			isa = PBXGroup;
			children = (
				095F74F829F0075A009E4033 /* Resources */,
				095F74F929F00763009E4033 /* Sources */,
			);
			path = authTestTask;
			sourceTree = "<group>";
		};
		095F74F829F0075A009E4033 /* Resources */ = {
			isa = PBXGroup;
			children = (
				095F74FB29F00786009E4033 /* Configuration */,
				095F74FA29F00776009E4033 /* SupportingFiles */,
			);
			path = Resources;
			sourceTree = "<group>";
		};
		095F74F929F00763009E4033 /* Sources */ = {
			isa = PBXGroup;
			children = (
				095F74FE29F007EF009E4033 /* Application */,
				093EDB7029F1195300FA51C2 /* Router */,
				095F74FD29F007E7009E4033 /* Services */,
				095F74FC29F007D8009E4033 /* Modules */,
			);
			path = Sources;
			sourceTree = "<group>";
		};
		095F74FA29F00776009E4033 /* SupportingFiles */ = {
			isa = PBXGroup;
			children = (
				095F74EC29EFFE09009E4033 /* Assets.xcassets */,
				095F750629F016C6009E4033 /* SF-Pro-Text-Regular.otf */,
				09556E3629F01A3B00D6BBF8 /* SF-Pro-Text-Bold.otf */,
				095F74EE29EFFE09009E4033 /* LaunchScreen.storyboard */,
			);
			path = SupportingFiles;
			sourceTree = "<group>";
		};
		095F74FB29F00786009E4033 /* Configuration */ = {
			isa = PBXGroup;
			children = (
				095F74F129EFFE09009E4033 /* Info.plist */,
			);
			path = Configuration;
			sourceTree = "<group>";
		};
		095F74FC29F007D8009E4033 /* Modules */ = {
			isa = PBXGroup;
			children = (
				09556E4429F07D0700D6BBF8 /* AuthModule */,
				095F74FF29F00C65009E4033 /* LoginModule */,
				095F750029F00C71009E4033 /* PhotosModule */,
				095F750129F00C87009E4033 /* DetailInfoModule */,
			);
			path = Modules;
			sourceTree = "<group>";
		};
		095F74FD29F007E7009E4033 /* Services */ = {
			isa = PBXGroup;
			children = (
			);
			path = Services;
			sourceTree = "<group>";
		};
		095F74FE29F007EF009E4033 /* Application */ = {
			isa = PBXGroup;
			children = (
				095F74E329EFFE09009E4033 /* AppDelegate.swift */,
			);
			path = Application;
			sourceTree = "<group>";
		};
		095F74FF29F00C65009E4033 /* LoginModule */ = {
			isa = PBXGroup;
			children = (
				093EDB7829F11AED00FA51C2 /* LoginModuleAssembly */,
				093EDB6B29F114E100FA51C2 /* View */,
				093EDB6C29F114E900FA51C2 /* Presenter */,
			);
			path = LoginModule;
			sourceTree = "<group>";
		};
		095F750029F00C71009E4033 /* PhotosModule */ = {
			isa = PBXGroup;
			children = (
				093EDB7529F11A0D00FA51C2 /* PhotosModuleAssembly */,
				093EDB6929F114CB00FA51C2 /* View */,
				093EDB6A29F114D400FA51C2 /* Presenter */,
			);
			path = PhotosModule;
			sourceTree = "<group>";
		};
		095F750129F00C87009E4033 /* DetailInfoModule */ = {
			isa = PBXGroup;
			children = (
				093EDB6D29F118F400FA51C2 /* DetailInfoModuleAssembly */,
				093EDB6729F114B300FA51C2 /* View */,
				093EDB6829F114BF00FA51C2 /* Presenter */,
			);
			path = DetailInfoModule;
			sourceTree = "<group>";
		};
/* End PBXGroup section */

/* Begin PBXNativeTarget section */
		095F74DF29EFFE09009E4033 /* authTestTask */ = {
			isa = PBXNativeTarget;
			buildConfigurationList = 095F74F429EFFE09009E4033 /* Build configuration list for PBXNativeTarget "authTestTask" */;
			buildPhases = (
				095F74DC29EFFE09009E4033 /* Sources */,
				095F74DD29EFFE09009E4033 /* Frameworks */,
				095F74DE29EFFE09009E4033 /* Resources */,
			);
			buildRules = (
			);
			dependencies = (
			);
			name = authTestTask;
			productName = authTestTask;
			productReference = 095F74E029EFFE09009E4033 /* authTestTask.app */;
			productType = "com.apple.product-type.application";
		};
/* End PBXNativeTarget section */

/* Begin PBXProject section */
		095F74D829EFFE08009E4033 /* Project object */ = {
			isa = PBXProject;
			attributes = {
				BuildIndependentTargetsInParallel = 1;
				LastSwiftUpdateCheck = 1420;
				LastUpgradeCheck = 1420;
				TargetAttributes = {
					095F74DF29EFFE09009E4033 = {
						CreatedOnToolsVersion = 14.2;
					};
				};
			};
			buildConfigurationList = 095F74DB29EFFE08009E4033 /* Build configuration list for PBXProject "authTestTask" */;
			compatibilityVersion = "Xcode 14.0";
			developmentRegion = en;
			hasScannedForEncodings = 0;
			knownRegions = (
				en,
				Base,
			);
			mainGroup = 095F74D729EFFE08009E4033;
			productRefGroup = 095F74E129EFFE09009E4033 /* Products */;
			projectDirPath = "";
			projectRoot = "";
			targets = (
				095F74DF29EFFE09009E4033 /* authTestTask */,
			);
		};
/* End PBXProject section */

/* Begin PBXResourcesBuildPhase section */
		095F74DE29EFFE09009E4033 /* Resources */ = {
			isa = PBXResourcesBuildPhase;
			buildActionMask = 2147483647;
			files = (
				095F750A29F018C4009E4033 /* SF-Pro-Text-Regular.otf in Resources */,
				095F74F029EFFE09009E4033 /* LaunchScreen.storyboard in Resources */,
				09556E3729F01A3B00D6BBF8 /* SF-Pro-Text-Bold.otf in Resources */,
				095F74ED29EFFE09009E4033 /* Assets.xcassets in Resources */,
			);
			runOnlyForDeploymentPostprocessing = 0;
		};
/* End PBXResourcesBuildPhase section */

/* Begin PBXSourcesBuildPhase section */
		095F74DC29EFFE09009E4033 /* Sources */ = {
			isa = PBXSourcesBuildPhase;
			buildActionMask = 2147483647;
			files = (
				093EDB6529F1148F00FA51C2 /* DetailInfoPresenterOutputProtocol.swift in Sources */,
				093EDB7A29F11B0300FA51C2 /* LoginModuleAssembly.swift in Sources */,
				093EDB5F29F1146300FA51C2 /* PhotosPresenterOutputProtocol.swift in Sources */,
				093EDB7729F11A1B00FA51C2 /* PhotosModuleAssembly.swift in Sources */,
				09556E4129F02AA800D6BBF8 /* DetailInfoView.swift in Sources */,
				09556E3929F01B3200D6BBF8 /* PhotosViewController.swift in Sources */,
				093EDB5D29F1144E00FA51C2 /* PhotosPresenterInputProtocol.swift in Sources */,
				09556E3D29F01D8B00D6BBF8 /* PhotoCollectionViewCell.swift in Sources */,
				093EDB6129F1147200FA51C2 /* DetailInfoPresenter.swift in Sources */,
				093EDB7429F1198F00FA51C2 /* BaseRouter.swift in Sources */,
				093EDB7229F1196300FA51C2 /* RouterProtocol.swift in Sources */,
				093EDB5529F1141300FA51C2 /* LoginPresenter.swift in Sources */,
				093EDB6F29F1190700FA51C2 /* DetailInfoModuleAssembly.swift in Sources */,
				09556E3B29F01CFE00D6BBF8 /* PhotoCollectionView.swift in Sources */,
				093EDB5B29F1144000FA51C2 /* PhotosPresenter.swift in Sources */,
				093EDB5929F1143200FA51C2 /* LoginPresenterOutputProtocol.swift in Sources */,
				093EDB6329F1148000FA51C2 /* DetailInfoPresenterInputProtocol.swift in Sources */,
				093EDB5329F07D4300FA51C2 /* AuthViewController.swift in Sources */,
				095F750329F00DD9009E4033 /* LoginViewController.swift in Sources */,
				095F74E429EFFE09009E4033 /* AppDelegate.swift in Sources */,
				09556E3F29F0295100D6BBF8 /* DetailInfoViewController.swift in Sources */,
				093EDB5729F1142500FA51C2 /* LoginPresenterInputProtocol.swift in Sources */,
			);
			runOnlyForDeploymentPostprocessing = 0;
		};
/* End PBXSourcesBuildPhase section */

/* Begin PBXVariantGroup section */
		095F74EE29EFFE09009E4033 /* LaunchScreen.storyboard */ = {
			isa = PBXVariantGroup;
			children = (
				095F74EF29EFFE09009E4033 /* Base */,
			);
			name = LaunchScreen.storyboard;
			sourceTree = "<group>";
		};
/* End PBXVariantGroup section */

/* Begin XCBuildConfiguration section */
		095F74F229EFFE09009E4033 /* Debug */ = {
			isa = XCBuildConfiguration;
			buildSettings = {
				ALWAYS_SEARCH_USER_PATHS = NO;
				CLANG_ANALYZER_NONNULL = YES;
				CLANG_ANALYZER_NUMBER_OBJECT_CONVERSION = YES_AGGRESSIVE;
				CLANG_CXX_LANGUAGE_STANDARD = "gnu++20";
				CLANG_ENABLE_MODULES = YES;
				CLANG_ENABLE_OBJC_ARC = YES;
				CLANG_ENABLE_OBJC_WEAK = YES;
				CLANG_WARN_BLOCK_CAPTURE_AUTORELEASING = YES;
				CLANG_WARN_BOOL_CONVERSION = YES;
				CLANG_WARN_COMMA = YES;
				CLANG_WARN_CONSTANT_CONVERSION = YES;
				CLANG_WARN_DEPRECATED_OBJC_IMPLEMENTATIONS = YES;
				CLANG_WARN_DIRECT_OBJC_ISA_USAGE = YES_ERROR;
				CLANG_WARN_DOCUMENTATION_COMMENTS = YES;
				CLANG_WARN_EMPTY_BODY = YES;
				CLANG_WARN_ENUM_CONVERSION = YES;
				CLANG_WARN_INFINITE_RECURSION = YES;
				CLANG_WARN_INT_CONVERSION = YES;
				CLANG_WARN_NON_LITERAL_NULL_CONVERSION = YES;
				CLANG_WARN_OBJC_IMPLICIT_RETAIN_SELF = YES;
				CLANG_WARN_OBJC_LITERAL_CONVERSION = YES;
				CLANG_WARN_OBJC_ROOT_CLASS = YES_ERROR;
				CLANG_WARN_QUOTED_INCLUDE_IN_FRAMEWORK_HEADER = YES;
				CLANG_WARN_RANGE_LOOP_ANALYSIS = YES;
				CLANG_WARN_STRICT_PROTOTYPES = YES;
				CLANG_WARN_SUSPICIOUS_MOVE = YES;
				CLANG_WARN_UNGUARDED_AVAILABILITY = YES_AGGRESSIVE;
				CLANG_WARN_UNREACHABLE_CODE = YES;
				CLANG_WARN__DUPLICATE_METHOD_MATCH = YES;
				COPY_PHASE_STRIP = NO;
				DEBUG_INFORMATION_FORMAT = dwarf;
				ENABLE_STRICT_OBJC_MSGSEND = YES;
				ENABLE_TESTABILITY = YES;
				GCC_C_LANGUAGE_STANDARD = gnu11;
				GCC_DYNAMIC_NO_PIC = NO;
				GCC_NO_COMMON_BLOCKS = YES;
				GCC_OPTIMIZATION_LEVEL = 0;
				GCC_PREPROCESSOR_DEFINITIONS = (
					"DEBUG=1",
					"$(inherited)",
				);
				GCC_WARN_64_TO_32_BIT_CONVERSION = YES;
				GCC_WARN_ABOUT_RETURN_TYPE = YES_ERROR;
				GCC_WARN_UNDECLARED_SELECTOR = YES;
				GCC_WARN_UNINITIALIZED_AUTOS = YES_AGGRESSIVE;
				GCC_WARN_UNUSED_FUNCTION = YES;
				GCC_WARN_UNUSED_VARIABLE = YES;
				IPHONEOS_DEPLOYMENT_TARGET = 16.2;
				MTL_ENABLE_DEBUG_INFO = INCLUDE_SOURCE;
				MTL_FAST_MATH = YES;
				ONLY_ACTIVE_ARCH = YES;
				SDKROOT = iphoneos;
				SWIFT_ACTIVE_COMPILATION_CONDITIONS = DEBUG;
				SWIFT_OPTIMIZATION_LEVEL = "-Onone";
			};
			name = Debug;
		};
		095F74F329EFFE09009E4033 /* Release */ = {
			isa = XCBuildConfiguration;
			buildSettings = {
				ALWAYS_SEARCH_USER_PATHS = NO;
				CLANG_ANALYZER_NONNULL = YES;
				CLANG_ANALYZER_NUMBER_OBJECT_CONVERSION = YES_AGGRESSIVE;
				CLANG_CXX_LANGUAGE_STANDARD = "gnu++20";
				CLANG_ENABLE_MODULES = YES;
				CLANG_ENABLE_OBJC_ARC = YES;
				CLANG_ENABLE_OBJC_WEAK = YES;
				CLANG_WARN_BLOCK_CAPTURE_AUTORELEASING = YES;
				CLANG_WARN_BOOL_CONVERSION = YES;
				CLANG_WARN_COMMA = YES;
				CLANG_WARN_CONSTANT_CONVERSION = YES;
				CLANG_WARN_DEPRECATED_OBJC_IMPLEMENTATIONS = YES;
				CLANG_WARN_DIRECT_OBJC_ISA_USAGE = YES_ERROR;
				CLANG_WARN_DOCUMENTATION_COMMENTS = YES;
				CLANG_WARN_EMPTY_BODY = YES;
				CLANG_WARN_ENUM_CONVERSION = YES;
				CLANG_WARN_INFINITE_RECURSION = YES;
				CLANG_WARN_INT_CONVERSION = YES;
				CLANG_WARN_NON_LITERAL_NULL_CONVERSION = YES;
				CLANG_WARN_OBJC_IMPLICIT_RETAIN_SELF = YES;
				CLANG_WARN_OBJC_LITERAL_CONVERSION = YES;
				CLANG_WARN_OBJC_ROOT_CLASS = YES_ERROR;
				CLANG_WARN_QUOTED_INCLUDE_IN_FRAMEWORK_HEADER = YES;
				CLANG_WARN_RANGE_LOOP_ANALYSIS = YES;
				CLANG_WARN_STRICT_PROTOTYPES = YES;
				CLANG_WARN_SUSPICIOUS_MOVE = YES;
				CLANG_WARN_UNGUARDED_AVAILABILITY = YES_AGGRESSIVE;
				CLANG_WARN_UNREACHABLE_CODE = YES;
				CLANG_WARN__DUPLICATE_METHOD_MATCH = YES;
				COPY_PHASE_STRIP = NO;
				DEBUG_INFORMATION_FORMAT = "dwarf-with-dsym";
				ENABLE_NS_ASSERTIONS = NO;
				ENABLE_STRICT_OBJC_MSGSEND = YES;
				GCC_C_LANGUAGE_STANDARD = gnu11;
				GCC_NO_COMMON_BLOCKS = YES;
				GCC_WARN_64_TO_32_BIT_CONVERSION = YES;
				GCC_WARN_ABOUT_RETURN_TYPE = YES_ERROR;
				GCC_WARN_UNDECLARED_SELECTOR = YES;
				GCC_WARN_UNINITIALIZED_AUTOS = YES_AGGRESSIVE;
				GCC_WARN_UNUSED_FUNCTION = YES;
				GCC_WARN_UNUSED_VARIABLE = YES;
				IPHONEOS_DEPLOYMENT_TARGET = 16.2;
				MTL_ENABLE_DEBUG_INFO = NO;
				MTL_FAST_MATH = YES;
				SDKROOT = iphoneos;
				SWIFT_COMPILATION_MODE = wholemodule;
				SWIFT_OPTIMIZATION_LEVEL = "-O";
				VALIDATE_PRODUCT = YES;
			};
			name = Release;
		};
		095F74F529EFFE09009E4033 /* Debug */ = {
			isa = XCBuildConfiguration;
			buildSettings = {
				ASSETCATALOG_COMPILER_APPICON_NAME = AppIcon;
				ASSETCATALOG_COMPILER_GLOBAL_ACCENT_COLOR_NAME = AccentColor;
				CODE_SIGN_STYLE = Automatic;
				CURRENT_PROJECT_VERSION = 1;
				DEVELOPMENT_TEAM = 2AJ52SSRKR;
				GENERATE_INFOPLIST_FILE = YES;
				INFOPLIST_FILE = authTestTask/Resources/Configuration/Info.plist;
				INFOPLIST_KEY_UIApplicationSupportsIndirectInputEvents = YES;
				INFOPLIST_KEY_UILaunchStoryboardName = LaunchScreen;
				INFOPLIST_KEY_UISupportedInterfaceOrientations = UIInterfaceOrientationPortrait;
				INFOPLIST_KEY_UISupportedInterfaceOrientations_iPad = "UIInterfaceOrientationLandscapeLeft UIInterfaceOrientationLandscapeRight UIInterfaceOrientationPortrait UIInterfaceOrientationPortraitUpsideDown";
				IPHONEOS_DEPLOYMENT_TARGET = 15.0;
				LD_RUNPATH_SEARCH_PATHS = (
					"$(inherited)",
					"@executable_path/Frameworks",
				);
				MARKETING_VERSION = 1.0;
				PRODUCT_BUNDLE_IDENTIFIER = com.nordclan.authTestTask;
				PRODUCT_NAME = "$(TARGET_NAME)";
				SUPPORTED_PLATFORMS = "iphoneos iphonesimulator";
				SUPPORTS_MACCATALYST = NO;
				SUPPORTS_MAC_DESIGNED_FOR_IPHONE_IPAD = NO;
				SWIFT_EMIT_LOC_STRINGS = YES;
				SWIFT_VERSION = 5.0;
				TARGETED_DEVICE_FAMILY = 1;
			};
			name = Debug;
		};
		095F74F629EFFE09009E4033 /* Release */ = {
			isa = XCBuildConfiguration;
			buildSettings = {
				ASSETCATALOG_COMPILER_APPICON_NAME = AppIcon;
				ASSETCATALOG_COMPILER_GLOBAL_ACCENT_COLOR_NAME = AccentColor;
				CODE_SIGN_STYLE = Automatic;
				CURRENT_PROJECT_VERSION = 1;
				DEVELOPMENT_TEAM = 2AJ52SSRKR;
				GENERATE_INFOPLIST_FILE = YES;
				INFOPLIST_FILE = authTestTask/Resources/Configuration/Info.plist;
				INFOPLIST_KEY_UIApplicationSupportsIndirectInputEvents = YES;
				INFOPLIST_KEY_UILaunchStoryboardName = LaunchScreen;
				INFOPLIST_KEY_UISupportedInterfaceOrientations = UIInterfaceOrientationPortrait;
				INFOPLIST_KEY_UISupportedInterfaceOrientations_iPad = "UIInterfaceOrientationLandscapeLeft UIInterfaceOrientationLandscapeRight UIInterfaceOrientationPortrait UIInterfaceOrientationPortraitUpsideDown";
				IPHONEOS_DEPLOYMENT_TARGET = 15.0;
				LD_RUNPATH_SEARCH_PATHS = (
					"$(inherited)",
					"@executable_path/Frameworks",
				);
				MARKETING_VERSION = 1.0;
				PRODUCT_BUNDLE_IDENTIFIER = com.nordclan.authTestTask;
				PRODUCT_NAME = "$(TARGET_NAME)";
				SUPPORTED_PLATFORMS = "iphoneos iphonesimulator";
				SUPPORTS_MACCATALYST = NO;
				SUPPORTS_MAC_DESIGNED_FOR_IPHONE_IPAD = NO;
				SWIFT_EMIT_LOC_STRINGS = YES;
				SWIFT_VERSION = 5.0;
				TARGETED_DEVICE_FAMILY = 1;
			};
			name = Release;
		};
/* End XCBuildConfiguration section */

/* Begin XCConfigurationList section */
		095F74DB29EFFE08009E4033 /* Build configuration list for PBXProject "authTestTask" */ = {
			isa = XCConfigurationList;
			buildConfigurations = (
				095F74F229EFFE09009E4033 /* Debug */,
				095F74F329EFFE09009E4033 /* Release */,
			);
			defaultConfigurationIsVisible = 0;
			defaultConfigurationName = Release;
		};
		095F74F429EFFE09009E4033 /* Build configuration list for PBXNativeTarget "authTestTask" */ = {
			isa = XCConfigurationList;
			buildConfigurations = (
				095F74F529EFFE09009E4033 /* Debug */,
				095F74F629EFFE09009E4033 /* Release */,
			);
			defaultConfigurationIsVisible = 0;
			defaultConfigurationName = Release;
		};
/* End XCConfigurationList section */
	};
	rootObject = 095F74D829EFFE08009E4033 /* Project object */;
}
